
Microsoft Visual Studio Solution File, Format Version 12.00
# Visual Studio Version 17
VisualStudioVersion = 17.12.35707.178
MinimumVisualStudioVersion = 10.0.40219.1
Project("{FAE04EC0-301F-11D3-BF4B-00C04F79EFBC}") = "ITLSpcIBServiceDataApi.Api", "ITLSpcIBServiceDataApi.Api\ITLSpcIBServiceDataApi.Api.csproj", "{7A40AC22-F2EB-45AC-849E-E16B5211993A}"
EndProject
Project("{FAE04EC0-301F-11D3-BF4B-00C04F79EFBC}") = "ITLSpcIBServiceData.ServiceBase", "ITLSpcIBServiceData.ServiceBase\ITLSpcIBServiceData.ServiceBase.csproj", "{CE1EFFA0-F7E9-4D74-A3EB-470B643FFDBD}"
EndProject
Project("{FAE04EC0-301F-11D3-BF4B-00C04F79EFBC}") = "ITLSpcIBServiceDataApi.Data", "ITLSpcIBServiceDataApi.Data\ITLSpcIBServiceDataApi.Data.csproj", "{0F2C827B-DA58-42EF-8979-81D6CD4B3554}"
EndProject
Project("{FAE04EC0-301F-11D3-BF4B-00C04F79EFBC}") = "ITLSpcIBServiceDataApi.DomainModels", "ITLSpcIBServiceDataApi.DomainModels\ITLSpcIBServiceDataApi.DomainModels.csproj", "{AAED3BE0-484E-4A3F-99F7-F89FA0C97C1A}"
EndProject
Project("{FAE04EC0-301F-11D3-BF4B-00C04F79EFBC}") = "ITLSpcIBServiceDataApi.Entities", "ITLSpcIBServiceDataApi.Entities\ITLSpcIBServiceDataApi.Entities.csproj", "{8AE38A1A-D3B8-433D-A44E-EE5918838A68}"
EndProject
Project("{FAE04EC0-301F-11D3-BF4B-00C04F79EFBC}") = "ITLSpcIBServiceDataApi.Services", "ITLSpcIBServiceDataApi.Services\ITLSpcIBServiceDataApi.Services.csproj", "{9B7C025C-B966-4EC8-B270-2F09D649C710}"
EndProject
Global
	GlobalSection(SolutionConfigurationPlatforms) = preSolution
		Debug|Any CPU = Debug|Any CPU
		Release|Any CPU = Release|Any CPU
	EndGlobalSection
	GlobalSection(ProjectConfigurationPlatforms) = postSolution
		{7A40AC22-F2EB-45AC-849E-E16B5211993A}.Debug|Any CPU.ActiveCfg = Debug|Any CPU
		{7A40AC22-F2EB-45AC-849E-E16B5211993A}.Debug|Any CPU.Build.0 = Debug|Any CPU
		{7A40AC22-F2EB-45AC-849E-E16B5211993A}.Release|Any CPU.ActiveCfg = Release|Any CPU
		{7A40AC22-F2EB-45AC-849E-E16B5211993A}.Release|Any CPU.Build.0 = Release|Any CPU
		{CE1EFFA0-F7E9-4D74-A3EB-470B643FFDBD}.Debug|Any CPU.ActiveCfg = Debug|Any CPU
		{CE1EFFA0-F7E9-4D74-A3EB-470B643FFDBD}.Debug|Any CPU.Build.0 = Debug|Any CPU
		{CE1EFFA0-F7E9-4D74-A3EB-470B643FFDBD}.Release|Any CPU.ActiveCfg = Release|Any CPU
		{CE1EFFA0-F7E9-4D74-A3EB-470B643FFDBD}.Release|Any CPU.Build.0 = Release|Any CPU
		{0F2C827B-DA58-42EF-8979-81D6CD4B3554}.Debug|Any CPU.ActiveCfg = Debug|Any CPU
		{0F2C827B-DA58-42EF-8979-81D6CD4B3554}.Debug|Any CPU.Build.0 = Debug|Any CPU
		{0F2C827B-DA58-42EF-8979-81D6CD4B3554}.Release|Any CPU.ActiveCfg = Release|Any CPU
		{0F2C827B-DA58-42EF-8979-81D6CD4B3554}.Release|Any CPU.Build.0 = Release|Any CPU
		{AAED3BE0-484E-4A3F-99F7-F89FA0C97C1A}.Debug|Any CPU.ActiveCfg = Debug|Any CPU
		{AAED3BE0-484E-4A3F-99F7-F89FA0C97C1A}.Debug|Any CPU.Build.0 = Debug|Any CPU
		{AAED3BE0-484E-4A3F-99F7-F89FA0C97C1A}.Release|Any CPU.ActiveCfg = Release|Any CPU
		{AAED3BE0-484E-4A3F-99F7-F89FA0C97C1A}.Release|Any CPU.Build.0 = Release|Any CPU
		{8AE38A1A-D3B8-433D-A44E-EE5918838A68}.Debug|Any CPU.ActiveCfg = Debug|Any CPU
		{8AE38A1A-D3B8-433D-A44E-EE5918838A68}.Debug|Any CPU.Build.0 = Debug|Any CPU
		{8AE38A1A-D3B8-433D-A44E-EE5918838A68}.Release|Any CPU.ActiveCfg = Release|Any CPU
		{8AE38A1A-D3B8-433D-A44E-EE5918838A68}.Release|Any CPU.Build.0 = Release|Any CPU
		{9B7C025C-B966-4EC8-B270-2F09D649C710}.Debug|Any CPU.ActiveCfg = Debug|Any CPU
		{9B7C025C-B966-4EC8-B270-2F09D649C710}.Debug|Any CPU.Build.0 = Debug|Any CPU
		{9B7C025C-B966-4EC8-B270-2F09D649C710}.Release|Any CPU.ActiveCfg = Release|Any CPU
		{9B7C025C-B966-4EC8-B270-2F09D649C710}.Release|Any CPU.Build.0 = Release|Any CPU
	EndGlobalSection
	GlobalSection(SolutionProperties) = preSolution
		HideSolutionNode = FALSE
	EndGlobalSection
EndGlobal
